
Microsoft Visual Studio Solution File, Format Version 12.00
# Visual Studio Version 17
VisualStudioVersion = 17.11.35222.181
MinimumVisualStudioVersion = 10.0.40219.1
Project("{FAE04EC0-301F-11D3-BF4B-00C04F79EFBC}") = "Sayardrink", "Sayardrink\Sayardrink.csproj", "{1B0BC6F7-8236-4262-BF53-A0337485DD45}"
EndProject
Global
	GlobalSection(SolutionConfigurationPlatforms) = preSolution
		Debug|Any CPU = Debug|Any CPU
		Release|Any CPU = Release|Any CPU
	EndGlobalSection
	GlobalSection(ProjectConfigurationPlatforms) = postSolution
		{1B0BC6F7-8236-4262-BF53-A0337485DD45}.Debug|Any CPU.ActiveCfg = Debug|Any CPU
		{1B0BC6F7-8236-4262-BF53-A0337485DD45}.Debug|Any CPU.Build.0 = Debug|Any CPU
		{1B0BC6F7-8236-4262-BF53-A0337485DD45}.Release|Any CPU.ActiveCfg = Release|Any CPU
		{1B0BC6F7-8236-4262-BF53-A0337485DD45}.Release|Any CPU.Build.0 = Release|Any CPU
	EndGlobalSection
	GlobalSection(SolutionProperties) = preSolution
		HideSolutionNode = FALSE
	EndGlobalSection
	GlobalSection(ExtensibilityGlobals) = postSolution
		SolutionGuid = {74DE9BB9-DCAC-4C3E-8C33-79C429250F97}
	EndGlobalSection
EndGlobal
